
Microsoft Visual Studio Solution File, Format Version 12.00
# Visual Studio Version 17
VisualStudioVersion = 17.11.35431.28
MinimumVisualStudioVersion = 10.0.40219.1
Project("{FAE04EC0-301F-11D3-BF4B-00C04F79EFBC}") = "ForaFinServices", "ForaFinServices\ForaFinServices.csproj", "{24A4E70B-E1D8-4960-B0FF-4B9E5BA83795}"
EndProject
Global
	GlobalSection(SolutionConfigurationPlatforms) = preSolution
		Debug|Any CPU = Debug|Any CPU
		Release|Any CPU = Release|Any CPU
	EndGlobalSection
	GlobalSection(ProjectConfigurationPlatforms) = postSolution
		{24A4E70B-E1D8-4960-B0FF-4B9E5BA83795}.Debug|Any CPU.ActiveCfg = Debug|Any CPU
		{24A4E70B-E1D8-4960-B0FF-4B9E5BA83795}.Debug|Any CPU.Build.0 = Debug|Any CPU
		{24A4E70B-E1D8-4960-B0FF-4B9E5BA83795}.Release|Any CPU.ActiveCfg = Release|Any CPU
		{24A4E70B-E1D8-4960-B0FF-4B9E5BA83795}.Release|Any CPU.Build.0 = Release|Any CPU
	EndGlobalSection
	GlobalSection(SolutionProperties) = preSolution
		HideSolutionNode = FALSE
	EndGlobalSection
	GlobalSection(ExtensibilityGlobals) = postSolution
		SolutionGuid = {33BD45E5-9EFE-42AA-A33E-D645261DDF65}
	EndGlobalSection
EndGlobal
